
Microsoft Visual Studio Solution File, Format Version 12.00
# Visual Studio 15
VisualStudioVersion = 15.0.28010.2036
MinimumVisualStudioVersion = 10.0.40219.1
Project("{FAE04EC0-301F-11D3-BF4B-00C04F79EFBC}") = "Authenticator.Android", "Authenticator\Authenticator.Android\Authenticator.Android.csproj", "{2000F5F6-C416-482E-9BE4-C350412DC1C0}"
EndProject
Project("{FAE04EC0-301F-11D3-BF4B-00C04F79EFBC}") = "Authenticator.iOS", "Authenticator\Authenticator.iOS\Authenticator.iOS.csproj", "{0CC7D1F7-57C6-4AA9-930A-1B8398EA372D}"
EndProject
Project("{FAE04EC0-301F-11D3-BF4B-00C04F79EFBC}") = "Authenticator.UWP", "Authenticator\Authenticator.UWP\Authenticator.UWP.csproj", "{2D758D89-40BD-4883-9BC6-3FF0F5D23953}"
EndProject
Project("{FAE04EC0-301F-11D3-BF4B-00C04F79EFBC}") = "Authenticator", "Authenticator\Authenticator\Authenticator.csproj", "{B5B4CC4C-BA26-4608-ACDB-A74787675920}"
EndProject
Global
	GlobalSection(SolutionConfigurationPlatforms) = preSolution
		Ad-Hoc|Any CPU = Ad-Hoc|Any CPU
		Ad-Hoc|ARM = Ad-Hoc|ARM
		Ad-Hoc|iPhone = Ad-Hoc|iPhone
		Ad-Hoc|iPhoneSimulator = Ad-Hoc|iPhoneSimulator
		Ad-Hoc|x64 = Ad-Hoc|x64
		Ad-Hoc|x86 = Ad-Hoc|x86
		AppStore|Any CPU = AppStore|Any CPU
		AppStore|ARM = AppStore|ARM
		AppStore|iPhone = AppStore|iPhone
		AppStore|iPhoneSimulator = AppStore|iPhoneSimulator
		AppStore|x64 = AppStore|x64
		AppStore|x86 = AppStore|x86
		Debug|Any CPU = Debug|Any CPU
		Debug|ARM = Debug|ARM
		Debug|iPhone = Debug|iPhone
		Debug|iPhoneSimulator = Debug|iPhoneSimulator
		Debug|x64 = Debug|x64
		Debug|x86 = Debug|x86
		Release|Any CPU = Release|Any CPU
		Release|ARM = Release|ARM
		Release|iPhone = Release|iPhone
		Release|iPhoneSimulator = Release|iPhoneSimulator
		Release|x64 = Release|x64
		Release|x86 = Release|x86
	EndGlobalSection
	GlobalSection(ProjectConfigurationPlatforms) = postSolution
		{2000F5F6-C416-482E-9BE4-C350412DC1C0}.Ad-Hoc|Any CPU.ActiveCfg = Release|Any CPU
		{2000F5F6-C416-482E-9BE4-C350412DC1C0}.Ad-Hoc|Any CPU.Build.0 = Release|Any CPU
		{2000F5F6-C416-482E-9BE4-C350412DC1C0}.Ad-Hoc|Any CPU.Deploy.0 = Release|Any CPU
		{2000F5F6-C416-482E-9BE4-C350412DC1C0}.Ad-Hoc|ARM.ActiveCfg = Release|Any CPU
		{2000F5F6-C416-482E-9BE4-C350412DC1C0}.Ad-Hoc|ARM.Build.0 = Release|Any CPU
		{2000F5F6-C416-482E-9BE4-C350412DC1C0}.Ad-Hoc|ARM.Deploy.0 = Release|Any CPU
		{2000F5F6-C416-482E-9BE4-C350412DC1C0}.Ad-Hoc|iPhone.ActiveCfg = Release|Any CPU
		{2000F5F6-C416-482E-9BE4-C350412DC1C0}.Ad-Hoc|iPhone.Build.0 = Release|Any CPU
		{2000F5F6-C416-482E-9BE4-C350412DC1C0}.Ad-Hoc|iPhone.Deploy.0 = Release|Any CPU
		{2000F5F6-C416-482E-9BE4-C350412DC1C0}.Ad-Hoc|iPhoneSimulator.ActiveCfg = Release|Any CPU
		{2000F5F6-C416-482E-9BE4-C350412DC1C0}.Ad-Hoc|iPhoneSimulator.Build.0 = Release|Any CPU
		{2000F5F6-C416-482E-9BE4-C350412DC1C0}.Ad-Hoc|iPhoneSimulator.Deploy.0 = Release|Any CPU
		{2000F5F6-C416-482E-9BE4-C350412DC1C0}.Ad-Hoc|x64.ActiveCfg = Release|Any CPU
		{2000F5F6-C416-482E-9BE4-C350412DC1C0}.Ad-Hoc|x64.Build.0 = Release|Any CPU
		{2000F5F6-C416-482E-9BE4-C350412DC1C0}.Ad-Hoc|x64.Deploy.0 = Release|Any CPU
		{2000F5F6-C416-482E-9BE4-C350412DC1C0}.Ad-Hoc|x86.ActiveCfg = Release|Any CPU
		{2000F5F6-C416-482E-9BE4-C350412DC1C0}.Ad-Hoc|x86.Build.0 = Release|Any CPU
		{2000F5F6-C416-482E-9BE4-C350412DC1C0}.Ad-Hoc|x86.Deploy.0 = Release|Any CPU
		{2000F5F6-C416-482E-9BE4-C350412DC1C0}.AppStore|Any CPU.ActiveCfg = Release|Any CPU
		{2000F5F6-C416-482E-9BE4-C350412DC1C0}.AppStore|Any CPU.Build.0 = Release|Any CPU
		{2000F5F6-C416-482E-9BE4-C350412DC1C0}.AppStore|Any CPU.Deploy.0 = Release|Any CPU
		{2000F5F6-C416-482E-9BE4-C350412DC1C0}.AppStore|ARM.ActiveCfg = Release|Any CPU
		{2000F5F6-C416-482E-9BE4-C350412DC1C0}.AppStore|ARM.Build.0 = Release|Any CPU
		{2000F5F6-C416-482E-9BE4-C350412DC1C0}.AppStore|ARM.Deploy.0 = Release|Any CPU
		{2000F5F6-C416-482E-9BE4-C350412DC1C0}.AppStore|iPhone.ActiveCfg = Release|Any CPU
		{2000F5F6-C416-482E-9BE4-C350412DC1C0}.AppStore|iPhone.Build.0 = Release|Any CPU
		{2000F5F6-C416-482E-9BE4-C350412DC1C0}.AppStore|iPhone.Deploy.0 = Release|Any CPU
		{2000F5F6-C416-482E-9BE4-C350412DC1C0}.AppStore|iPhoneSimulator.ActiveCfg = Release|Any CPU
		{2000F5F6-C416-482E-9BE4-C350412DC1C0}.AppStore|iPhoneSimulator.Build.0 = Release|Any CPU
		{2000F5F6-C416-482E-9BE4-C350412DC1C0}.AppStore|iPhoneSimulator.Deploy.0 = Release|Any CPU
		{2000F5F6-C416-482E-9BE4-C350412DC1C0}.AppStore|x64.ActiveCfg = Release|Any CPU
		{2000F5F6-C416-482E-9BE4-C350412DC1C0}.AppStore|x64.Build.0 = Release|Any CPU
		{2000F5F6-C416-482E-9BE4-C350412DC1C0}.AppStore|x64.Deploy.0 = Release|Any CPU
		{2000F5F6-C416-482E-9BE4-C350412DC1C0}.AppStore|x86.ActiveCfg = Release|Any CPU
		{2000F5F6-C416-482E-9BE4-C350412DC1C0}.AppStore|x86.Build.0 = Release|Any CPU
		{2000F5F6-C416-482E-9BE4-C350412DC1C0}.AppStore|x86.Deploy.0 = Release|Any CPU
		{2000F5F6-C416-482E-9BE4-C350412DC1C0}.Debug|Any CPU.ActiveCfg = Debug|Any CPU
		{2000F5F6-C416-482E-9BE4-C350412DC1C0}.Debug|Any CPU.Build.0 = Debug|Any CPU
		{2000F5F6-C416-482E-9BE4-C350412DC1C0}.Debug|Any CPU.Deploy.0 = Debug|Any CPU
		{2000F5F6-C416-482E-9BE4-C350412DC1C0}.Debug|ARM.ActiveCfg = Debug|Any CPU
		{2000F5F6-C416-482E-9BE4-C350412DC1C0}.Debug|ARM.Build.0 = Debug|Any CPU
		{2000F5F6-C416-482E-9BE4-C350412DC1C0}.Debug|ARM.Deploy.0 = Debug|Any CPU
		{2000F5F6-C416-482E-9BE4-C350412DC1C0}.Debug|iPhone.ActiveCfg = Debug|Any CPU
		{2000F5F6-C416-482E-9BE4-C350412DC1C0}.Debug|iPhone.Build.0 = Debug|Any CPU
		{2000F5F6-C416-482E-9BE4-C350412DC1C0}.Debug|iPhone.Deploy.0 = Debug|Any CPU
		{2000F5F6-C416-482E-9BE4-C350412DC1C0}.Debug|iPhoneSimulator.ActiveCfg = Debug|Any CPU
		{2000F5F6-C416-482E-9BE4-C350412DC1C0}.Debug|iPhoneSimulator.Build.0 = Debug|Any CPU
		{2000F5F6-C416-482E-9BE4-C350412DC1C0}.Debug|iPhoneSimulator.Deploy.0 = Debug|Any CPU
		{2000F5F6-C416-482E-9BE4-C350412DC1C0}.Debug|x64.ActiveCfg = Debug|Any CPU
		{2000F5F6-C416-482E-9BE4-C350412DC1C0}.Debug|x64.Build.0 = Debug|Any CPU
		{2000F5F6-C416-482E-9BE4-C350412DC1C0}.Debug|x64.Deploy.0 = Debug|Any CPU
		{2000F5F6-C416-482E-9BE4-C350412DC1C0}.Debug|x86.ActiveCfg = Debug|Any CPU
		{2000F5F6-C416-482E-9BE4-C350412DC1C0}.Debug|x86.Build.0 = Debug|Any CPU
		{2000F5F6-C416-482E-9BE4-C350412DC1C0}.Debug|x86.Deploy.0 = Debug|Any CPU
		{2000F5F6-C416-482E-9BE4-C350412DC1C0}.Release|Any CPU.ActiveCfg = Release|Any CPU
		{2000F5F6-C416-482E-9BE4-C350412DC1C0}.Release|Any CPU.Build.0 = Release|Any CPU
		{2000F5F6-C416-482E-9BE4-C350412DC1C0}.Release|Any CPU.Deploy.0 = Release|Any CPU
		{2000F5F6-C416-482E-9BE4-C350412DC1C0}.Release|ARM.ActiveCfg = Release|Any CPU
		{2000F5F6-C416-482E-9BE4-C350412DC1C0}.Release|ARM.Build.0 = Release|Any CPU
		{2000F5F6-C416-482E-9BE4-C350412DC1C0}.Release|ARM.Deploy.0 = Release|Any CPU
		{2000F5F6-C416-482E-9BE4-C350412DC1C0}.Release|iPhone.ActiveCfg = Release|Any CPU
		{2000F5F6-C416-482E-9BE4-C350412DC1C0}.Release|iPhone.Build.0 = Release|Any CPU
		{2000F5F6-C416-482E-9BE4-C350412DC1C0}.Release|iPhone.Deploy.0 = Release|Any CPU
		{2000F5F6-C416-482E-9BE4-C350412DC1C0}.Release|iPhoneSimulator.ActiveCfg = Release|Any CPU
		{2000F5F6-C416-482E-9BE4-C350412DC1C0}.Release|iPhoneSimulator.Build.0 = Release|Any CPU
		{2000F5F6-C416-482E-9BE4-C350412DC1C0}.Release|iPhoneSimulator.Deploy.0 = Release|Any CPU
		{2000F5F6-C416-482E-9BE4-C350412DC1C0}.Release|x64.ActiveCfg = Release|Any CPU
		{2000F5F6-C416-482E-9BE4-C350412DC1C0}.Release|x64.Build.0 = Release|Any CPU
		{2000F5F6-C416-482E-9BE4-C350412DC1C0}.Release|x64.Deploy.0 = Release|Any CPU
		{2000F5F6-C416-482E-9BE4-C350412DC1C0}.Release|x86.ActiveCfg = Release|Any CPU
		{2000F5F6-C416-482E-9BE4-C350412DC1C0}.Release|x86.Build.0 = Release|Any CPU
		{2000F5F6-C416-482E-9BE4-C350412DC1C0}.Release|x86.Deploy.0 = Release|Any CPU
		{0CC7D1F7-57C6-4AA9-930A-1B8398EA372D}.Ad-Hoc|Any CPU.ActiveCfg = Ad-Hoc|iPhone
		{0CC7D1F7-57C6-4AA9-930A-1B8398EA372D}.Ad-Hoc|Any CPU.Build.0 = Ad-Hoc|iPhone
		{0CC7D1F7-57C6-4AA9-930A-1B8398EA372D}.Ad-Hoc|Any CPU.Deploy.0 = Ad-Hoc|iPhone
		{0CC7D1F7-57C6-4AA9-930A-1B8398EA372D}.Ad-Hoc|ARM.ActiveCfg = Ad-Hoc|iPhone
		{0CC7D1F7-57C6-4AA9-930A-1B8398EA372D}.Ad-Hoc|ARM.Build.0 = Ad-Hoc|iPhone
		{0CC7D1F7-57C6-4AA9-930A-1B8398EA372D}.Ad-Hoc|ARM.Deploy.0 = Ad-Hoc|iPhone
		{0CC7D1F7-57C6-4AA9-930A-1B8398EA372D}.Ad-Hoc|iPhone.ActiveCfg = Ad-Hoc|iPhone
		{0CC7D1F7-57C6-4AA9-930A-1B8398EA372D}.Ad-Hoc|iPhone.Build.0 = Ad-Hoc|iPhone
		{0CC7D1F7-57C6-4AA9-930A-1B8398EA372D}.Ad-Hoc|iPhone.Deploy.0 = Ad-Hoc|iPhone
		{0CC7D1F7-57C6-4AA9-930A-1B8398EA372D}.Ad-Hoc|iPhoneSimulator.ActiveCfg = Ad-Hoc|iPhoneSimulator
		{0CC7D1F7-57C6-4AA9-930A-1B8398EA372D}.Ad-Hoc|iPhoneSimulator.Build.0 = Ad-Hoc|iPhoneSimulator
		{0CC7D1F7-57C6-4AA9-930A-1B8398EA372D}.Ad-Hoc|iPhoneSimulator.Deploy.0 = Ad-Hoc|iPhoneSimulator
		{0CC7D1F7-57C6-4AA9-930A-1B8398EA372D}.Ad-Hoc|x64.ActiveCfg = Ad-Hoc|iPhone
		{0CC7D1F7-57C6-4AA9-930A-1B8398EA372D}.Ad-Hoc|x64.Build.0 = Ad-Hoc|iPhone
		{0CC7D1F7-57C6-4AA9-930A-1B8398EA372D}.Ad-Hoc|x64.Deploy.0 = Ad-Hoc|iPhone
		{0CC7D1F7-57C6-4AA9-930A-1B8398EA372D}.Ad-Hoc|x86.ActiveCfg = Ad-Hoc|iPhone
		{0CC7D1F7-57C6-4AA9-930A-1B8398EA372D}.Ad-Hoc|x86.Build.0 = Ad-Hoc|iPhone
		{0CC7D1F7-57C6-4AA9-930A-1B8398EA372D}.Ad-Hoc|x86.Deploy.0 = Ad-Hoc|iPhone
		{0CC7D1F7-57C6-4AA9-930A-1B8398EA372D}.AppStore|Any CPU.ActiveCfg = AppStore|iPhone
		{0CC7D1F7-57C6-4AA9-930A-1B8398EA372D}.AppStore|Any CPU.Build.0 = AppStore|iPhone
		{0CC7D1F7-57C6-4AA9-930A-1B8398EA372D}.AppStore|Any CPU.Deploy.0 = AppStore|iPhone
		{0CC7D1F7-57C6-4AA9-930A-1B8398EA372D}.AppStore|ARM.ActiveCfg = AppStore|iPhone
		{0CC7D1F7-57C6-4AA9-930A-1B8398EA372D}.AppStore|ARM.Build.0 = AppStore|iPhone
		{0CC7D1F7-57C6-4AA9-930A-1B8398EA372D}.AppStore|ARM.Deploy.0 = AppStore|iPhone
		{0CC7D1F7-57C6-4AA9-930A-1B8398EA372D}.AppStore|iPhone.ActiveCfg = AppStore|iPhone
		{0CC7D1F7-57C6-4AA9-930A-1B8398EA372D}.AppStore|iPhone.Build.0 = AppStore|iPhone
		{0CC7D1F7-57C6-4AA9-930A-1B8398EA372D}.AppStore|iPhone.Deploy.0 = AppStore|iPhone
		{0CC7D1F7-57C6-4AA9-930A-1B8398EA372D}.AppStore|iPhoneSimulator.ActiveCfg = AppStore|iPhoneSimulator
		{0CC7D1F7-57C6-4AA9-930A-1B8398EA372D}.AppStore|iPhoneSimulator.Build.0 = AppStore|iPhoneSimulator
		{0CC7D1F7-57C6-4AA9-930A-1B8398EA372D}.AppStore|iPhoneSimulator.Deploy.0 = AppStore|iPhoneSimulator
		{0CC7D1F7-57C6-4AA9-930A-1B8398EA372D}.AppStore|x64.ActiveCfg = AppStore|iPhone
		{0CC7D1F7-57C6-4AA9-930A-1B8398EA372D}.AppStore|x64.Build.0 = AppStore|iPhone
		{0CC7D1F7-57C6-4AA9-930A-1B8398EA372D}.AppStore|x64.Deploy.0 = AppStore|iPhone
		{0CC7D1F7-57C6-4AA9-930A-1B8398EA372D}.AppStore|x86.ActiveCfg = AppStore|iPhone
		{0CC7D1F7-57C6-4AA9-930A-1B8398EA372D}.AppStore|x86.Build.0 = AppStore|iPhone
		{0CC7D1F7-57C6-4AA9-930A-1B8398EA372D}.AppStore|x86.Deploy.0 = AppStore|iPhone
		{0CC7D1F7-57C6-4AA9-930A-1B8398EA372D}.Debug|Any CPU.ActiveCfg = Debug|iPhoneSimulator
		{0CC7D1F7-57C6-4AA9-930A-1B8398EA372D}.Debug|Any CPU.Build.0 = Debug|iPhoneSimulator
		{0CC7D1F7-57C6-4AA9-930A-1B8398EA372D}.Debug|Any CPU.Deploy.0 = Debug|iPhoneSimulator
		{0CC7D1F7-57C6-4AA9-930A-1B8398EA372D}.Debug|ARM.ActiveCfg = Debug|iPhone
		{0CC7D1F7-57C6-4AA9-930A-1B8398EA372D}.Debug|ARM.Build.0 = Debug|iPhone
		{0CC7D1F7-57C6-4AA9-930A-1B8398EA372D}.Debug|ARM.Deploy.0 = Debug|iPhone
		{0CC7D1F7-57C6-4AA9-930A-1B8398EA372D}.Debug|iPhone.ActiveCfg = Debug|iPhone
		{0CC7D1F7-57C6-4AA9-930A-1B8398EA372D}.Debug|iPhone.Build.0 = Debug|iPhone
		{0CC7D1F7-57C6-4AA9-930A-1B8398EA372D}.Debug|iPhone.Deploy.0 = Debug|iPhone
		{0CC7D1F7-57C6-4AA9-930A-1B8398EA372D}.Debug|iPhoneSimulator.ActiveCfg = Debug|iPhoneSimulator
		{0CC7D1F7-57C6-4AA9-930A-1B8398EA372D}.Debug|iPhoneSimulator.Build.0 = Debug|iPhoneSimulator
		{0CC7D1F7-57C6-4AA9-930A-1B8398EA372D}.Debug|iPhoneSimulator.Deploy.0 = Debug|iPhoneSimulator
		{0CC7D1F7-57C6-4AA9-930A-1B8398EA372D}.Debug|x64.ActiveCfg = Debug|iPhone
		{0CC7D1F7-57C6-4AA9-930A-1B8398EA372D}.Debug|x64.Build.0 = Debug|iPhone
		{0CC7D1F7-57C6-4AA9-930A-1B8398EA372D}.Debug|x64.Deploy.0 = Debug|iPhone
		{0CC7D1F7-57C6-4AA9-930A-1B8398EA372D}.Debug|x86.ActiveCfg = Debug|iPhone
		{0CC7D1F7-57C6-4AA9-930A-1B8398EA372D}.Debug|x86.Build.0 = Debug|iPhone
		{0CC7D1F7-57C6-4AA9-930A-1B8398EA372D}.Debug|x86.Deploy.0 = Debug|iPhone
		{0CC7D1F7-57C6-4AA9-930A-1B8398EA372D}.Release|Any CPU.ActiveCfg = Release|iPhone
		{0CC7D1F7-57C6-4AA9-930A-1B8398EA372D}.Release|Any CPU.Build.0 = Release|iPhone
		{0CC7D1F7-57C6-4AA9-930A-1B8398EA372D}.Release|Any CPU.Deploy.0 = Release|iPhone
		{0CC7D1F7-57C6-4AA9-930A-1B8398EA372D}.Release|ARM.ActiveCfg = Release|iPhone
		{0CC7D1F7-57C6-4AA9-930A-1B8398EA372D}.Release|ARM.Build.0 = Release|iPhone
		{0CC7D1F7-57C6-4AA9-930A-1B8398EA372D}.Release|ARM.Deploy.0 = Release|iPhone
		{0CC7D1F7-57C6-4AA9-930A-1B8398EA372D}.Release|iPhone.ActiveCfg = Release|iPhone
		{0CC7D1F7-57C6-4AA9-930A-1B8398EA372D}.Release|iPhone.Build.0 = Release|iPhone
		{0CC7D1F7-57C6-4AA9-930A-1B8398EA372D}.Release|iPhone.Deploy.0 = Release|iPhone
		{0CC7D1F7-57C6-4AA9-930A-1B8398EA372D}.Release|iPhoneSimulator.ActiveCfg = Release|iPhoneSimulator
		{0CC7D1F7-57C6-4AA9-930A-1B8398EA372D}.Release|iPhoneSimulator.Build.0 = Release|iPhoneSimulator
		{0CC7D1F7-57C6-4AA9-930A-1B8398EA372D}.Release|iPhoneSimulator.Deploy.0 = Release|iPhoneSimulator
		{0CC7D1F7-57C6-4AA9-930A-1B8398EA372D}.Release|x64.ActiveCfg = Release|iPhone
		{0CC7D1F7-57C6-4AA9-930A-1B8398EA372D}.Release|x64.Build.0 = Release|iPhone
		{0CC7D1F7-57C6-4AA9-930A-1B8398EA372D}.Release|x64.Deploy.0 = Release|iPhone
		{0CC7D1F7-57C6-4AA9-930A-1B8398EA372D}.Release|x86.ActiveCfg = Release|iPhone
		{0CC7D1F7-57C6-4AA9-930A-1B8398EA372D}.Release|x86.Build.0 = Release|iPhone
		{0CC7D1F7-57C6-4AA9-930A-1B8398EA372D}.Release|x86.Deploy.0 = Release|iPhone
		{2D758D89-40BD-4883-9BC6-3FF0F5D23953}.Ad-Hoc|Any CPU.ActiveCfg = Release|x86
		{2D758D89-40BD-4883-9BC6-3FF0F5D23953}.Ad-Hoc|Any CPU.Build.0 = Release|x86
		{2D758D89-40BD-4883-9BC6-3FF0F5D23953}.Ad-Hoc|Any CPU.Deploy.0 = Release|x86
		{2D758D89-40BD-4883-9BC6-3FF0F5D23953}.Ad-Hoc|ARM.ActiveCfg = Release|ARM
		{2D758D89-40BD-4883-9BC6-3FF0F5D23953}.Ad-Hoc|ARM.Build.0 = Release|ARM
		{2D758D89-40BD-4883-9BC6-3FF0F5D23953}.Ad-Hoc|ARM.Deploy.0 = Release|ARM
		{2D758D89-40BD-4883-9BC6-3FF0F5D23953}.Ad-Hoc|iPhone.ActiveCfg = Release|x86
		{2D758D89-40BD-4883-9BC6-3FF0F5D23953}.Ad-Hoc|iPhone.Build.0 = Release|x86
		{2D758D89-40BD-4883-9BC6-3FF0F5D23953}.Ad-Hoc|iPhone.Deploy.0 = Release|x86
		{2D758D89-40BD-4883-9BC6-3FF0F5D23953}.Ad-Hoc|iPhoneSimulator.ActiveCfg = Release|x86
		{2D758D89-40BD-4883-9BC6-3FF0F5D23953}.Ad-Hoc|iPhoneSimulator.Build.0 = Release|x86
		{2D758D89-40BD-4883-9BC6-3FF0F5D23953}.Ad-Hoc|iPhoneSimulator.Deploy.0 = Release|x86
		{2D758D89-40BD-4883-9BC6-3FF0F5D23953}.Ad-Hoc|x64.ActiveCfg = Release|x64
		{2D758D89-40BD-4883-9BC6-3FF0F5D23953}.Ad-Hoc|x64.Build.0 = Release|x64
		{2D758D89-40BD-4883-9BC6-3FF0F5D23953}.Ad-Hoc|x64.Deploy.0 = Release|x64
		{2D758D89-40BD-4883-9BC6-3FF0F5D23953}.Ad-Hoc|x86.ActiveCfg = Release|x86
		{2D758D89-40BD-4883-9BC6-3FF0F5D23953}.Ad-Hoc|x86.Build.0 = Release|x86
		{2D758D89-40BD-4883-9BC6-3FF0F5D23953}.Ad-Hoc|x86.Deploy.0 = Release|x86
		{2D758D89-40BD-4883-9BC6-3FF0F5D23953}.AppStore|Any CPU.ActiveCfg = Release|x86
		{2D758D89-40BD-4883-9BC6-3FF0F5D23953}.AppStore|Any CPU.Build.0 = Release|x86
		{2D758D89-40BD-4883-9BC6-3FF0F5D23953}.AppStore|Any CPU.Deploy.0 = Release|x86
		{2D758D89-40BD-4883-9BC6-3FF0F5D23953}.AppStore|ARM.ActiveCfg = Release|ARM
		{2D758D89-40BD-4883-9BC6-3FF0F5D23953}.AppStore|ARM.Build.0 = Release|ARM
		{2D758D89-40BD-4883-9BC6-3FF0F5D23953}.AppStore|ARM.Deploy.0 = Release|ARM
		{2D758D89-40BD-4883-9BC6-3FF0F5D23953}.AppStore|iPhone.ActiveCfg = Release|x86
		{2D758D89-40BD-4883-9BC6-3FF0F5D23953}.AppStore|iPhone.Build.0 = Release|x86
		{2D758D89-40BD-4883-9BC6-3FF0F5D23953}.AppStore|iPhone.Deploy.0 = Release|x86
		{2D758D89-40BD-4883-9BC6-3FF0F5D23953}.AppStore|iPhoneSimulator.ActiveCfg = Release|x86
		{2D758D89-40BD-4883-9BC6-3FF0F5D23953}.AppStore|iPhoneSimulator.Build.0 = Release|x86
		{2D758D89-40BD-4883-9BC6-3FF0F5D23953}.AppStore|iPhoneSimulator.Deploy.0 = Release|x86
		{2D758D89-40BD-4883-9BC6-3FF0F5D23953}.AppStore|x64.ActiveCfg = Release|x64
		{2D758D89-40BD-4883-9BC6-3FF0F5D23953}.AppStore|x64.Build.0 = Release|x64
		{2D758D89-40BD-4883-9BC6-3FF0F5D23953}.AppStore|x64.Deploy.0 = Release|x64
		{2D758D89-40BD-4883-9BC6-3FF0F5D23953}.AppStore|x86.ActiveCfg = Release|x86
		{2D758D89-40BD-4883-9BC6-3FF0F5D23953}.AppStore|x86.Build.0 = Release|x86
		{2D758D89-40BD-4883-9BC6-3FF0F5D23953}.AppStore|x86.Deploy.0 = Release|x86
		{2D758D89-40BD-4883-9BC6-3FF0F5D23953}.Debug|Any CPU.ActiveCfg = Debug|x86
		{2D758D89-40BD-4883-9BC6-3FF0F5D23953}.Debug|Any CPU.Build.0 = Debug|x86
		{2D758D89-40BD-4883-9BC6-3FF0F5D23953}.Debug|Any CPU.Deploy.0 = Debug|x86
		{2D758D89-40BD-4883-9BC6-3FF0F5D23953}.Debug|ARM.ActiveCfg = Debug|ARM
		{2D758D89-40BD-4883-9BC6-3FF0F5D23953}.Debug|ARM.Build.0 = Debug|ARM
		{2D758D89-40BD-4883-9BC6-3FF0F5D23953}.Debug|ARM.Deploy.0 = Debug|ARM
		{2D758D89-40BD-4883-9BC6-3FF0F5D23953}.Debug|iPhone.ActiveCfg = Debug|x86
		{2D758D89-40BD-4883-9BC6-3FF0F5D23953}.Debug|iPhone.Build.0 = Debug|x86
		{2D758D89-40BD-4883-9BC6-3FF0F5D23953}.Debug|iPhone.Deploy.0 = Debug|x86
		{2D758D89-40BD-4883-9BC6-3FF0F5D23953}.Debug|iPhoneSimulator.ActiveCfg = Debug|x86
		{2D758D89-40BD-4883-9BC6-3FF0F5D23953}.Debug|iPhoneSimulator.Build.0 = Debug|x86
		{2D758D89-40BD-4883-9BC6-3FF0F5D23953}.Debug|iPhoneSimulator.Deploy.0 = Debug|x86
		{2D758D89-40BD-4883-9BC6-3FF0F5D23953}.Debug|x64.ActiveCfg = Debug|x64
		{2D758D89-40BD-4883-9BC6-3FF0F5D23953}.Debug|x64.Build.0 = Debug|x64
		{2D758D89-40BD-4883-9BC6-3FF0F5D23953}.Debug|x64.Deploy.0 = Debug|x64
		{2D758D89-40BD-4883-9BC6-3FF0F5D23953}.Debug|x86.ActiveCfg = Debug|x86
		{2D758D89-40BD-4883-9BC6-3FF0F5D23953}.Debug|x86.Build.0 = Debug|x86
		{2D758D89-40BD-4883-9BC6-3FF0F5D23953}.Debug|x86.Deploy.0 = Debug|x86
		{2D758D89-40BD-4883-9BC6-3FF0F5D23953}.Release|Any CPU.ActiveCfg = Release|x86
		{2D758D89-40BD-4883-9BC6-3FF0F5D23953}.Release|Any CPU.Build.0 = Release|x86
		{2D758D89-40BD-4883-9BC6-3FF0F5D23953}.Release|Any CPU.Deploy.0 = Release|x86
		{2D758D89-40BD-4883-9BC6-3FF0F5D23953}.Release|ARM.ActiveCfg = Release|ARM
		{2D758D89-40BD-4883-9BC6-3FF0F5D23953}.Release|ARM.Build.0 = Release|ARM
		{2D758D89-40BD-4883-9BC6-3FF0F5D23953}.Release|ARM.Deploy.0 = Release|ARM
		{2D758D89-40BD-4883-9BC6-3FF0F5D23953}.Release|iPhone.ActiveCfg = Release|x86
		{2D758D89-40BD-4883-9BC6-3FF0F5D23953}.Release|iPhone.Build.0 = Release|x86
		{2D758D89-40BD-4883-9BC6-3FF0F5D23953}.Release|iPhone.Deploy.0 = Release|x86
		{2D758D89-40BD-4883-9BC6-3FF0F5D23953}.Release|iPhoneSimulator.ActiveCfg = Release|x86
		{2D758D89-40BD-4883-9BC6-3FF0F5D23953}.Release|iPhoneSimulator.Build.0 = Release|x86
		{2D758D89-40BD-4883-9BC6-3FF0F5D23953}.Release|iPhoneSimulator.Deploy.0 = Release|x86
		{2D758D89-40BD-4883-9BC6-3FF0F5D23953}.Release|x64.ActiveCfg = Release|x64
		{2D758D89-40BD-4883-9BC6-3FF0F5D23953}.Release|x64.Build.0 = Release|x64
		{2D758D89-40BD-4883-9BC6-3FF0F5D23953}.Release|x64.Deploy.0 = Release|x64
		{2D758D89-40BD-4883-9BC6-3FF0F5D23953}.Release|x86.ActiveCfg = Release|x86
		{2D758D89-40BD-4883-9BC6-3FF0F5D23953}.Release|x86.Build.0 = Release|x86
		{2D758D89-40BD-4883-9BC6-3FF0F5D23953}.Release|x86.Deploy.0 = Release|x86
		{B5B4CC4C-BA26-4608-ACDB-A74787675920}.Ad-Hoc|Any CPU.ActiveCfg = Debug|Any CPU
		{B5B4CC4C-BA26-4608-ACDB-A74787675920}.Ad-Hoc|Any CPU.Build.0 = Debug|Any CPU
		{B5B4CC4C-BA26-4608-ACDB-A74787675920}.Ad-Hoc|Any CPU.Deploy.0 = Debug|Any CPU
		{B5B4CC4C-BA26-4608-ACDB-A74787675920}.Ad-Hoc|ARM.ActiveCfg = Debug|Any CPU
		{B5B4CC4C-BA26-4608-ACDB-A74787675920}.Ad-Hoc|ARM.Build.0 = Debug|Any CPU
		{B5B4CC4C-BA26-4608-ACDB-A74787675920}.Ad-Hoc|ARM.Deploy.0 = Debug|Any CPU
		{B5B4CC4C-BA26-4608-ACDB-A74787675920}.Ad-Hoc|iPhone.ActiveCfg = Debug|Any CPU
		{B5B4CC4C-BA26-4608-ACDB-A74787675920}.Ad-Hoc|iPhone.Build.0 = Debug|Any CPU
		{B5B4CC4C-BA26-4608-ACDB-A74787675920}.Ad-Hoc|iPhone.Deploy.0 = Debug|Any CPU
		{B5B4CC4C-BA26-4608-ACDB-A74787675920}.Ad-Hoc|iPhoneSimulator.ActiveCfg = Debug|Any CPU
		{B5B4CC4C-BA26-4608-ACDB-A74787675920}.Ad-Hoc|iPhoneSimulator.Build.0 = Debug|Any CPU
		{B5B4CC4C-BA26-4608-ACDB-A74787675920}.Ad-Hoc|iPhoneSimulator.Deploy.0 = Debug|Any CPU
		{B5B4CC4C-BA26-4608-ACDB-A74787675920}.Ad-Hoc|x64.ActiveCfg = Debug|Any CPU
		{B5B4CC4C-BA26-4608-ACDB-A74787675920}.Ad-Hoc|x64.Build.0 = Debug|Any CPU
		{B5B4CC4C-BA26-4608-ACDB-A74787675920}.Ad-Hoc|x64.Deploy.0 = Debug|Any CPU
		{B5B4CC4C-BA26-4608-ACDB-A74787675920}.Ad-Hoc|x86.ActiveCfg = Debug|Any CPU
		{B5B4CC4C-BA26-4608-ACDB-A74787675920}.Ad-Hoc|x86.Build.0 = Debug|Any CPU
		{B5B4CC4C-BA26-4608-ACDB-A74787675920}.Ad-Hoc|x86.Deploy.0 = Debug|Any CPU
		{B5B4CC4C-BA26-4608-ACDB-A74787675920}.AppStore|Any CPU.ActiveCfg = Debug|Any CPU
		{B5B4CC4C-BA26-4608-ACDB-A74787675920}.AppStore|Any CPU.Build.0 = Debug|Any CPU
		{B5B4CC4C-BA26-4608-ACDB-A74787675920}.AppStore|Any CPU.Deploy.0 = Debug|Any CPU
		{B5B4CC4C-BA26-4608-ACDB-A74787675920}.AppStore|ARM.ActiveCfg = Debug|Any CPU
		{B5B4CC4C-BA26-4608-ACDB-A74787675920}.AppStore|ARM.Build.0 = Debug|Any CPU
		{B5B4CC4C-BA26-4608-ACDB-A74787675920}.AppStore|ARM.Deploy.0 = Debug|Any CPU
		{B5B4CC4C-BA26-4608-ACDB-A74787675920}.AppStore|iPhone.ActiveCfg = Debug|Any CPU
		{B5B4CC4C-BA26-4608-ACDB-A74787675920}.AppStore|iPhone.Build.0 = Debug|Any CPU
		{B5B4CC4C-BA26-4608-ACDB-A74787675920}.AppStore|iPhone.Deploy.0 = Debug|Any CPU
		{B5B4CC4C-BA26-4608-ACDB-A74787675920}.AppStore|iPhoneSimulator.ActiveCfg = Debug|Any CPU
		{B5B4CC4C-BA26-4608-ACDB-A74787675920}.AppStore|iPhoneSimulator.Build.0 = Debug|Any CPU
		{B5B4CC4C-BA26-4608-ACDB-A74787675920}.AppStore|iPhoneSimulator.Deploy.0 = Debug|Any CPU
		{B5B4CC4C-BA26-4608-ACDB-A74787675920}.AppStore|x64.ActiveCfg = Debug|Any CPU
		{B5B4CC4C-BA26-4608-ACDB-A74787675920}.AppStore|x64.Build.0 = Debug|Any CPU
		{B5B4CC4C-BA26-4608-ACDB-A74787675920}.AppStore|x64.Deploy.0 = Debug|Any CPU
		{B5B4CC4C-BA26-4608-ACDB-A74787675920}.AppStore|x86.ActiveCfg = Debug|Any CPU
		{B5B4CC4C-BA26-4608-ACDB-A74787675920}.AppStore|x86.Build.0 = Debug|Any CPU
		{B5B4CC4C-BA26-4608-ACDB-A74787675920}.AppStore|x86.Deploy.0 = Debug|Any CPU
		{B5B4CC4C-BA26-4608-ACDB-A74787675920}.Debug|Any CPU.ActiveCfg = Debug|Any CPU
		{B5B4CC4C-BA26-4608-ACDB-A74787675920}.Debug|Any CPU.Build.0 = Debug|Any CPU
		{B5B4CC4C-BA26-4608-ACDB-A74787675920}.Debug|Any CPU.Deploy.0 = Debug|Any CPU
		{B5B4CC4C-BA26-4608-ACDB-A74787675920}.Debug|ARM.ActiveCfg = Debug|Any CPU
		{B5B4CC4C-BA26-4608-ACDB-A74787675920}.Debug|ARM.Build.0 = Debug|Any CPU
		{B5B4CC4C-BA26-4608-ACDB-A74787675920}.Debug|ARM.Deploy.0 = Debug|Any CPU
		{B5B4CC4C-BA26-4608-ACDB-A74787675920}.Debug|iPhone.ActiveCfg = Debug|Any CPU
		{B5B4CC4C-BA26-4608-ACDB-A74787675920}.Debug|iPhone.Build.0 = Debug|Any CPU
		{B5B4CC4C-BA26-4608-ACDB-A74787675920}.Debug|iPhone.Deploy.0 = Debug|Any CPU
		{B5B4CC4C-BA26-4608-ACDB-A74787675920}.Debug|iPhoneSimulator.ActiveCfg = Debug|Any CPU
		{B5B4CC4C-BA26-4608-ACDB-A74787675920}.Debug|iPhoneSimulator.Build.0 = Debug|Any CPU
		{B5B4CC4C-BA26-4608-ACDB-A74787675920}.Debug|iPhoneSimulator.Deploy.0 = Debug|Any CPU
		{B5B4CC4C-BA26-4608-ACDB-A74787675920}.Debug|x64.ActiveCfg = Debug|Any CPU
		{B5B4CC4C-BA26-4608-ACDB-A74787675920}.Debug|x64.Build.0 = Debug|Any CPU
		{B5B4CC4C-BA26-4608-ACDB-A74787675920}.Debug|x64.Deploy.0 = Debug|Any CPU
		{B5B4CC4C-BA26-4608-ACDB-A74787675920}.Debug|x86.ActiveCfg = Debug|Any CPU
		{B5B4CC4C-BA26-4608-ACDB-A74787675920}.Debug|x86.Build.0 = Debug|Any CPU
		{B5B4CC4C-BA26-4608-ACDB-A74787675920}.Debug|x86.Deploy.0 = Debug|Any CPU
		{B5B4CC4C-BA26-4608-ACDB-A74787675920}.Release|Any CPU.ActiveCfg = Release|Any CPU
		{B5B4CC4C-BA26-4608-ACDB-A74787675920}.Release|Any CPU.Build.0 = Release|Any CPU
		{B5B4CC4C-BA26-4608-ACDB-A74787675920}.Release|Any CPU.Deploy.0 = Release|Any CPU
		{B5B4CC4C-BA26-4608-ACDB-A74787675920}.Release|ARM.ActiveCfg = Release|Any CPU
		{B5B4CC4C-BA26-4608-ACDB-A74787675920}.Release|ARM.Build.0 = Release|Any CPU
		{B5B4CC4C-BA26-4608-ACDB-A74787675920}.Release|ARM.Deploy.0 = Release|Any CPU
		{B5B4CC4C-BA26-4608-ACDB-A74787675920}.Release|iPhone.ActiveCfg = Release|Any CPU
		{B5B4CC4C-BA26-4608-ACDB-A74787675920}.Release|iPhone.Build.0 = Release|Any CPU
		{B5B4CC4C-BA26-4608-ACDB-A74787675920}.Release|iPhone.Deploy.0 = Release|Any CPU
		{B5B4CC4C-BA26-4608-ACDB-A74787675920}.Release|iPhoneSimulator.ActiveCfg = Release|Any CPU
		{B5B4CC4C-BA26-4608-ACDB-A74787675920}.Release|iPhoneSimulator.Build.0 = Release|Any CPU
		{B5B4CC4C-BA26-4608-ACDB-A74787675920}.Release|iPhoneSimulator.Deploy.0 = Release|Any CPU
		{B5B4CC4C-BA26-4608-ACDB-A74787675920}.Release|x64.ActiveCfg = Release|Any CPU
		{B5B4CC4C-BA26-4608-ACDB-A74787675920}.Release|x64.Build.0 = Release|Any CPU
		{B5B4CC4C-BA26-4608-ACDB-A74787675920}.Release|x64.Deploy.0 = Release|Any CPU
		{B5B4CC4C-BA26-4608-ACDB-A74787675920}.Release|x86.ActiveCfg = Release|Any CPU
		{B5B4CC4C-BA26-4608-ACDB-A74787675920}.Release|x86.Build.0 = Release|Any CPU
		{B5B4CC4C-BA26-4608-ACDB-A74787675920}.Release|x86.Deploy.0 = Release|Any CPU
	EndGlobalSection
	GlobalSection(SolutionProperties) = preSolution
		HideSolutionNode = FALSE
	EndGlobalSection
	GlobalSection(ExtensibilityGlobals) = postSolution
		SolutionGuid = {208A2B76-7363-46EE-B0C0-4BEF2B5C9981}
	EndGlobalSection
EndGlobal
